
Microsoft Visual Studio Solution File, Format Version 12.00
# Visual Studio Version 17
VisualStudioVersion = 17.8.34316.72
MinimumVisualStudioVersion = 10.0.40219.1
Project("{FAE04EC0-301F-11D3-BF4B-00C04F79EFBC}") = "AnghamiRPC", "AnghamiRPC\AnghamiRPC.csproj", "{B5BFDE78-D00D-4A78-9CB2-178BF48CA02A}"
EndProject
Global
	GlobalSection(SolutionConfigurationPlatforms) = preSolution
		Debug|Any CPU = Debug|Any CPU
		Release|Any CPU = Release|Any CPU
	EndGlobalSection
	GlobalSection(ProjectConfigurationPlatforms) = postSolution
		{B5BFDE78-D00D-4A78-9CB2-178BF48CA02A}.Debug|Any CPU.ActiveCfg = Debug|Any CPU
		{B5BFDE78-D00D-4A78-9CB2-178BF48CA02A}.Debug|Any CPU.Build.0 = Debug|Any CPU
		{B5BFDE78-D00D-4A78-9CB2-178BF48CA02A}.Release|Any CPU.ActiveCfg = Release|Any CPU
		{B5BFDE78-D00D-4A78-9CB2-178BF48CA02A}.Release|Any CPU.Build.0 = Release|Any CPU
	EndGlobalSection
	GlobalSection(SolutionProperties) = preSolution
		HideSolutionNode = FALSE
	EndGlobalSection
	GlobalSection(ExtensibilityGlobals) = postSolution
		SolutionGuid = {B7E67E5D-6D9D-4480-A212-83290C96E906}
	EndGlobalSection
EndGlobal
